
Microsoft Visual Studio Solution File, Format Version 12.00
# Visual Studio Version 16
VisualStudioVersion = 16.0.29503.13
MinimumVisualStudioVersion = 10.0.40219.1
Project("{FAE04EC0-301F-11D3-BF4B-00C04F79EFBC}") = "Register", "Register\Register.csproj", "{EAD4D547-BFFE-4558-89CF-F352CCBFAC5F}"
EndProject
Global
	GlobalSection(SolutionConfigurationPlatforms) = preSolution
		Debug|Any CPU = Debug|Any CPU
		Release|Any CPU = Release|Any CPU
	EndGlobalSection
	GlobalSection(ProjectConfigurationPlatforms) = postSolution
		{EAD4D547-BFFE-4558-89CF-F352CCBFAC5F}.Debug|Any CPU.ActiveCfg = Debug|Any CPU
		{EAD4D547-BFFE-4558-89CF-F352CCBFAC5F}.Debug|Any CPU.Build.0 = Debug|Any CPU
		{EAD4D547-BFFE-4558-89CF-F352CCBFAC5F}.Release|Any CPU.ActiveCfg = Release|Any CPU
		{EAD4D547-BFFE-4558-89CF-F352CCBFAC5F}.Release|Any CPU.Build.0 = Release|Any CPU
	EndGlobalSection
	GlobalSection(SolutionProperties) = preSolution
		HideSolutionNode = FALSE
	EndGlobalSection
	GlobalSection(ExtensibilityGlobals) = postSolution
		SolutionGuid = {2915C525-5DF9-44D6-899B-94402A10E3AC}
	EndGlobalSection
EndGlobal
